
Microsoft Visual Studio Solution File, Format Version 12.00
# Visual Studio Version 17
VisualStudioVersion = 17.0.31903.59
MinimumVisualStudioVersion = 10.0.40219.1
Project("{FAE04EC0-301F-11D3-BF4B-00C04F79EFBC}") = "PrinterLibrary", "PrinterLibrary\PrinterLibrary.csproj", "{FA636902-DC4E-4496-8E51-8C180A255C68}"
EndProject
Global
	GlobalSection(SolutionConfigurationPlatforms) = preSolution
		Debug|Any CPU = Debug|Any CPU
		Release|Any CPU = Release|Any CPU
	EndGlobalSection
	GlobalSection(SolutionProperties) = preSolution
		HideSolutionNode = FALSE
	EndGlobalSection
	GlobalSection(ProjectConfigurationPlatforms) = postSolution
		{FA636902-DC4E-4496-8E51-8C180A255C68}.Debug|Any CPU.ActiveCfg = Debug|Any CPU
		{FA636902-DC4E-4496-8E51-8C180A255C68}.Debug|Any CPU.Build.0 = Debug|Any CPU
		{FA636902-DC4E-4496-8E51-8C180A255C68}.Release|Any CPU.ActiveCfg = Release|Any CPU
		{FA636902-DC4E-4496-8E51-8C180A255C68}.Release|Any CPU.Build.0 = Release|Any CPU
	EndGlobalSection
EndGlobal
